Microsoft Visual Studio Solution File, Format Version 12.00
# Visual Studio Version 17
VisualStudioVersion = 17.3.32819.101
MinimumVisualStudioVersion = 10.0.40219.1
Project("{9A19103F-16F7-4668-BE54-9A1E7A4F7556}") = "MonogameDemos", "MonogameDemos\MonogameDemos.csproj", "{121084BE-91FF-4FB4-A08E-2A91EAACF9D8}"
EndProject
Project("{9A19103F-16F7-4668-BE54-9A1E7A4F7556}") = "SimpleMovementJump", "SimpleMovementJump\SimpleMovementJump.csproj", "{CD707C32-A8DC-418F-A233-B0B98C5B8D66}"
EndProject
Project("{9A19103F-16F7-4668-BE54-9A1E7A4F7556}") = "SimpleMovementWGravity", "SimpleMovementWGravity\SimpleMovementWGravity.csproj", "{C5930A6A-163D-4F9A-B961-96A43F7C9131}"
EndProject
Project("{9A19103F-16F7-4668-BE54-9A1E7A4F7556}") = "SimpleUpdateMovementWState", "SimpleUpdateMovementWState\SimpleUpdateMovementWState.csproj", "{F191B212-609E-4E27-81BF-FDDC134036D5}"
EndProject
Project("{9A19103F-16F7-4668-BE54-9A1E7A4F7556}") = "SimpleMovementWRotate", "SimpleMovementWRotate\SimpleMovementWRotate.csproj", "{030A324D-E37E-41A7-A369-CCA6872D87D4}"
EndProject
Project("{9A19103F-16F7-4668-BE54-9A1E7A4F7556}") = "SpritebatchOptions", "SpritebatchOptions\SpritebatchOptions.csproj", "{8C21324F-C1C4-41F7-8E1C-5CBFEA9E6089}"
EndProject
Project("{2150E333-8FDC-42A3-9474-1A3956D46DE8}") = "Week1", "Week1", "{DBD35EDE-38F3-4C99-BD8C-328DC47F5D12}"
EndProject
Project("{2150E333-8FDC-42A3-9474-1A3956D46DE8}") = "Week2", "Week2", "{F7870766-D512-474E-B5BD-D5A3BD62E1B4}"
EndProject
Project("{2150E333-8FDC-42A3-9474-1A3956D46DE8}") = "Week3", "Week3", "{9EEF17D4-BAD0-4DC7-BA4C-30EC49C65B7E}"
EndProject
Project("{9A19103F-16F7-4668-BE54-9A1E7A4F7556}") = "MonoGameLibrary", "MonoGameLibrary\MonoGameLibrary.csproj", "{2E88A834-CB37-4C90-901A-7576850D0434}"
EndProject
Project("{2150E333-8FDC-42A3-9474-1A3956D46DE8}") = "Week4", "Week4", "{A860D5B1-893C-4ECC-A224-75A1920955E1}"
EndProject
Project("{2150E333-8FDC-42A3-9474-1A3956D46DE8}") = "Week5", "Week5", "{1745B582-4F3C-4A02-8748-297645DB9026}"
EndProject
Project("{9A19103F-16F7-4668-BE54-9A1E7A4F7556}") = "Collision", "Collsion\Collision.csproj", "{08EB4C00-D379-4AC0-A875-B7E346DB8DE6}"
EndProject
Project("{9A19103F-16F7-4668-BE54-9A1E7A4F7556}") = "ComponentsFromLibrary", "ComponentsFromLibrary\ComponentsFromLibrary.csproj", "{D5A2884B-1B65-48B4-B9B2-90A7C4FE0AC5}"
EndProject
Project("{9A19103F-16F7-4668-BE54-9A1E7A4F7556}") = "OneButtonPacman", "OneButtonPacman\OneButtonPacman.csproj", "{CC228798-5C1E-4324-8F1F-70CEA8CB852F}"
EndProject
Project("{2150E333-8FDC-42A3-9474-1A3956D46DE8}") = "Week6", "Week6", "{4B71130A-9051-4D9B-9B3F-16AB87E4EFB0}"
EndProject
Project("{9A19103F-16F7-4668-BE54-9A1E7A4F7556}") = "PacManGameComponent", "PacManGameComponent\PacManGameComponent.csproj", "{B88D81CD-A1A5-4021-AEED-2196E1682A39}"
EndProject
Project("{9A19103F-16F7-4668-BE54-9A1E7A4F7556}") = "ConsolePacState", "ConsolePacState\ConsolePacState.csproj", "{A76242F6-AFB4-4D8F-9148-9ECD8CF9E9AE}"
EndProject
Project("{2150E333-8FDC-42A3-9474-1A3956D46DE8}") = "other", "other", "{EB143D75-A5CF-441B-BE91-B9D8CEEFAC3D}"
EndProject
Project("{9A19103F-16F7-4668-BE54-9A1E7A4F7556}") = "Camera", "Camera\Camera.csproj", "{2B072184-4C58-4070-B6DE-9CEAFF413C38}"
EndProject
Project("{9A19103F-16F7-4668-BE54-9A1E7A4F7556}") = "ShotManager", "ShotManager\ShotManager.csproj", "{AADE4345-20CB-4E23-888C-CDA32BA22160}"
EndProject
Project("{2150E333-8FDC-42A3-9474-1A3956D46DE8}") = "Week7", "Week7", "{382D6A8B-EA14-41E2-BE84-97E9791F4994}"
EndProject
Project("{9A19103F-16F7-4668-BE54-9A1E7A4F7556}") = "MonogamePacMan", "MonogamePacMan\MonogamePacMan.csproj", "{7532A7C5-11C6-4531-B323-61735B0EE433}"
EndProject
Project("{9A19103F-16F7-4668-BE54-9A1E7A4F7556}") = "Spawner", "Spawner\Spawner.csproj", "{7D4E92EA-5BE0-4E2D-BEC1-2BD7C427613D}"
EndProject
Project("{9A19103F-16F7-4668-BE54-9A1E7A4F7556}") = "PacManWeaponsStrategy", "PacManWeaponsStrategy\PacManWeaponsStrategy.csproj", "{4ED585FD-7B6F-442B-96C2-34810228A714}"
EndProject
Project("{9A19103F-16F7-4668-BE54-9A1E7A4F7556}") = "ScrollingBackgound", "ScrollingBackgound\ScrollingBackgound.csproj", "{880F4B6A-C7CE-47D2-A4D5-28D1B2361FB7}"
EndProject
Project("{2150E333-8FDC-42A3-9474-1A3956D46DE8}") = "console", "console", "{27A9C0D8-9793-4C8B-BBB4-A25764A9DDA6}"
EndProject
Project("{9A19103F-16F7-4668-BE54-9A1E7A4F7556}") = "ConsoleApplicationStrategyWeapons", "ConsoleApplicationStrategyWeapons\ConsoleApplicationStrategyWeapons.csproj", "{53878CA0-BB30-4085-8FEF-3BEC9B6385E6}"
EndProject
Global
	GlobalSection(SolutionConfigurationPlatforms) = preSolution
		Debug|Any CPU = Debug|Any CPU
		Debug|x86 = Debug|x86
		Release|Any CPU = Release|Any CPU
		Release|x86 = Release|x86
	EndGlobalSection
	GlobalSection(ProjectConfigurationPlatforms) = postSolution
		{121084BE-91FF-4FB4-A08E-2A91EAACF9D8}.Debug|Any CPU.ActiveCfg = Debug|Any CPU
		{121084BE-91FF-4FB4-A08E-2A91EAACF9D8}.Debug|Any CPU.Build.0 = Debug|Any CPU
		{121084BE-91FF-4FB4-A08E-2A91EAACF9D8}.Debug|x86.ActiveCfg = Debug|Any CPU
		{121084BE-91FF-4FB4-A08E-2A91EAACF9D8}.Debug|x86.Build.0 = Debug|Any CPU
		{121084BE-91FF-4FB4-A08E-2A91EAACF9D8}.Release|Any CPU.ActiveCfg = Release|Any CPU
		{121084BE-91FF-4FB4-A08E-2A91EAACF9D8}.Release|Any CPU.Build.0 = Release|Any CPU
		{121084BE-91FF-4FB4-A08E-2A91EAACF9D8}.Release|x86.ActiveCfg = Release|Any CPU
		{121084BE-91FF-4FB4-A08E-2A91EAACF9D8}.Release|x86.Build.0 = Release|Any CPU
		{CD707C32-A8DC-418F-A233-B0B98C5B8D66}.Debug|Any CPU.ActiveCfg = Debug|Any CPU
		{CD707C32-A8DC-418F-A233-B0B98C5B8D66}.Debug|Any CPU.Build.0 = Debug|Any CPU
		{CD707C32-A8DC-418F-A233-B0B98C5B8D66}.Debug|x86.ActiveCfg = Debug|Any CPU
		{CD707C32-A8DC-418F-A233-B0B98C5B8D66}.Debug|x86.Build.0 = Debug|Any CPU
		{CD707C32-A8DC-418F-A233-B0B98C5B8D66}.Release|Any CPU.ActiveCfg = Release|Any CPU
		{CD707C32-A8DC-418F-A233-B0B98C5B8D66}.Release|Any CPU.Build.0 = Release|Any CPU
		{CD707C32-A8DC-418F-A233-B0B98C5B8D66}.Release|x86.ActiveCfg = Release|Any CPU
		{CD707C32-A8DC-418F-A233-B0B98C5B8D66}.Release|x86.Build.0 = Release|Any CPU
		{C5930A6A-163D-4F9A-B961-96A43F7C9131}.Debug|Any CPU.ActiveCfg = Debug|Any CPU
		{C5930A6A-163D-4F9A-B961-96A43F7C9131}.Debug|Any CPU.Build.0 = Debug|Any CPU
		{C5930A6A-163D-4F9A-B961-96A43F7C9131}.Debug|x86.ActiveCfg = Debug|Any CPU
		{C5930A6A-163D-4F9A-B961-96A43F7C9131}.Debug|x86.Build.0 = Debug|Any CPU
		{C5930A6A-163D-4F9A-B961-96A43F7C9131}.Release|Any CPU.ActiveCfg = Release|Any CPU
		{C5930A6A-163D-4F9A-B961-96A43F7C9131}.Release|Any CPU.Build.0 = Release|Any CPU
		{C5930A6A-163D-4F9A-B961-96A43F7C9131}.Release|x86.ActiveCfg = Release|Any CPU
		{C5930A6A-163D-4F9A-B961-96A43F7C9131}.Release|x86.Build.0 = Release|Any CPU
		{F191B212-609E-4E27-81BF-FDDC134036D5}.Debug|Any CPU.ActiveCfg = Debug|Any CPU
		{F191B212-609E-4E27-81BF-FDDC134036D5}.Debug|Any CPU.Build.0 = Debug|Any CPU
		{F191B212-609E-4E27-81BF-FDDC134036D5}.Debug|x86.ActiveCfg = Debug|Any CPU
		{F191B212-609E-4E27-81BF-FDDC134036D5}.Debug|x86.Build.0 = Debug|Any CPU
		{F191B212-609E-4E27-81BF-FDDC134036D5}.Release|Any CPU.ActiveCfg = Release|Any CPU
		{F191B212-609E-4E27-81BF-FDDC134036D5}.Release|Any CPU.Build.0 = Release|Any CPU
		{F191B212-609E-4E27-81BF-FDDC134036D5}.Release|x86.ActiveCfg = Release|Any CPU
		{F191B212-609E-4E27-81BF-FDDC134036D5}.Release|x86.Build.0 = Release|Any CPU
		{030A324D-E37E-41A7-A369-CCA6872D87D4}.Debug|Any CPU.ActiveCfg = Debug|Any CPU
		{030A324D-E37E-41A7-A369-CCA6872D87D4}.Debug|Any CPU.Build.0 = Debug|Any CPU
		{030A324D-E37E-41A7-A369-CCA6872D87D4}.Debug|x86.ActiveCfg = Debug|Any CPU
		{030A324D-E37E-41A7-A369-CCA6872D87D4}.Debug|x86.Build.0 = Debug|Any CPU
		{030A324D-E37E-41A7-A369-CCA6872D87D4}.Release|Any CPU.ActiveCfg = Release|Any CPU
		{030A324D-E37E-41A7-A369-CCA6872D87D4}.Release|Any CPU.Build.0 = Release|Any CPU
		{030A324D-E37E-41A7-A369-CCA6872D87D4}.Release|x86.ActiveCfg = Release|Any CPU
		{030A324D-E37E-41A7-A369-CCA6872D87D4}.Release|x86.Build.0 = Release|Any CPU
		{8C21324F-C1C4-41F7-8E1C-5CBFEA9E6089}.Debug|Any CPU.ActiveCfg = Debug|Any CPU
		{8C21324F-C1C4-41F7-8E1C-5CBFEA9E6089}.Debug|Any CPU.Build.0 = Debug|Any CPU
		{8C21324F-C1C4-41F7-8E1C-5CBFEA9E6089}.Debug|x86.ActiveCfg = Debug|Any CPU
		{8C21324F-C1C4-41F7-8E1C-5CBFEA9E6089}.Debug|x86.Build.0 = Debug|Any CPU
		{8C21324F-C1C4-41F7-8E1C-5CBFEA9E6089}.Release|Any CPU.ActiveCfg = Release|Any CPU
		{8C21324F-C1C4-41F7-8E1C-5CBFEA9E6089}.Release|Any CPU.Build.0 = Release|Any CPU
		{8C21324F-C1C4-41F7-8E1C-5CBFEA9E6089}.Release|x86.ActiveCfg = Release|Any CPU
		{8C21324F-C1C4-41F7-8E1C-5CBFEA9E6089}.Release|x86.Build.0 = Release|Any CPU
		{2E88A834-CB37-4C90-901A-7576850D0434}.Debug|Any CPU.ActiveCfg = Debug|Any CPU
		{2E88A834-CB37-4C90-901A-7576850D0434}.Debug|Any CPU.Build.0 = Debug|Any CPU
		{2E88A834-CB37-4C90-901A-7576850D0434}.Debug|x86.ActiveCfg = Debug|Any CPU
		{2E88A834-CB37-4C90-901A-7576850D0434}.Debug|x86.Build.0 = Debug|Any CPU
		{2E88A834-CB37-4C90-901A-7576850D0434}.Release|Any CPU.ActiveCfg = Release|Any CPU
		{2E88A834-CB37-4C90-901A-7576850D0434}.Release|Any CPU.Build.0 = Release|Any CPU
		{2E88A834-CB37-4C90-901A-7576850D0434}.Release|x86.ActiveCfg = Release|Any CPU
		{2E88A834-CB37-4C90-901A-7576850D0434}.Release|x86.Build.0 = Release|Any CPU
		{08EB4C00-D379-4AC0-A875-B7E346DB8DE6}.Debug|Any CPU.ActiveCfg = Debug|Any CPU
		{08EB4C00-D379-4AC0-A875-B7E346DB8DE6}.Debug|Any CPU.Build.0 = Debug|Any CPU
		{08EB4C00-D379-4AC0-A875-B7E346DB8DE6}.Debug|x86.ActiveCfg = Debug|Any CPU
		{08EB4C00-D379-4AC0-A875-B7E346DB8DE6}.Debug|x86.Build.0 = Debug|Any CPU
		{08EB4C00-D379-4AC0-A875-B7E346DB8DE6}.Release|Any CPU.ActiveCfg = Release|Any CPU
		{08EB4C00-D379-4AC0-A875-B7E346DB8DE6}.Release|Any CPU.Build.0 = Release|Any CPU
		{08EB4C00-D379-4AC0-A875-B7E346DB8DE6}.Release|x86.ActiveCfg = Release|Any CPU
		{08EB4C00-D379-4AC0-A875-B7E346DB8DE6}.Release|x86.Build.0 = Release|Any CPU
		{D5A2884B-1B65-48B4-B9B2-90A7C4FE0AC5}.Debug|Any CPU.ActiveCfg = Debug|Any CPU
		{D5A2884B-1B65-48B4-B9B2-90A7C4FE0AC5}.Debug|Any CPU.Build.0 = Debug|Any CPU
		{D5A2884B-1B65-48B4-B9B2-90A7C4FE0AC5}.Debug|x86.ActiveCfg = Debug|Any CPU
		{D5A2884B-1B65-48B4-B9B2-90A7C4FE0AC5}.Debug|x86.Build.0 = Debug|Any CPU
		{D5A2884B-1B65-48B4-B9B2-90A7C4FE0AC5}.Release|Any CPU.ActiveCfg = Release|Any CPU
		{D5A2884B-1B65-48B4-B9B2-90A7C4FE0AC5}.Release|Any CPU.Build.0 = Release|Any CPU
		{D5A2884B-1B65-48B4-B9B2-90A7C4FE0AC5}.Release|x86.ActiveCfg = Release|Any CPU
		{D5A2884B-1B65-48B4-B9B2-90A7C4FE0AC5}.Release|x86.Build.0 = Release|Any CPU
		{CC228798-5C1E-4324-8F1F-70CEA8CB852F}.Debug|Any CPU.ActiveCfg = Debug|Any CPU
		{CC228798-5C1E-4324-8F1F-70CEA8CB852F}.Debug|Any CPU.Build.0 = Debug|Any CPU
		{CC228798-5C1E-4324-8F1F-70CEA8CB852F}.Debug|x86.ActiveCfg = Debug|Any CPU
		{CC228798-5C1E-4324-8F1F-70CEA8CB852F}.Debug|x86.Build.0 = Debug|Any CPU
		{CC228798-5C1E-4324-8F1F-70CEA8CB852F}.Release|Any CPU.ActiveCfg = Release|Any CPU
		{CC228798-5C1E-4324-8F1F-70CEA8CB852F}.Release|Any CPU.Build.0 = Release|Any CPU
		{CC228798-5C1E-4324-8F1F-70CEA8CB852F}.Release|x86.ActiveCfg = Release|Any CPU
		{CC228798-5C1E-4324-8F1F-70CEA8CB852F}.Release|x86.Build.0 = Release|Any CPU
		{B88D81CD-A1A5-4021-AEED-2196E1682A39}.Debug|Any CPU.ActiveCfg = Debug|Any CPU
		{B88D81CD-A1A5-4021-AEED-2196E1682A39}.Debug|Any CPU.Build.0 = Debug|Any CPU
		{B88D81CD-A1A5-4021-AEED-2196E1682A39}.Debug|x86.ActiveCfg = Debug|Any CPU
		{B88D81CD-A1A5-4021-AEED-2196E1682A39}.Debug|x86.Build.0 = Debug|Any CPU
		{B88D81CD-A1A5-4021-AEED-2196E1682A39}.Release|Any CPU.ActiveCfg = Release|Any CPU
		{B88D81CD-A1A5-4021-AEED-2196E1682A39}.Release|Any CPU.Build.0 = Release|Any CPU
		{B88D81CD-A1A5-4021-AEED-2196E1682A39}.Release|x86.ActiveCfg = Release|Any CPU
		{B88D81CD-A1A5-4021-AEED-2196E1682A39}.Release|x86.Build.0 = Release|Any CPU
		{A76242F6-AFB4-4D8F-9148-9ECD8CF9E9AE}.Debug|Any CPU.ActiveCfg = Debug|Any CPU
		{A76242F6-AFB4-4D8F-9148-9ECD8CF9E9AE}.Debug|Any CPU.Build.0 = Debug|Any CPU
		{A76242F6-AFB4-4D8F-9148-9ECD8CF9E9AE}.Debug|x86.ActiveCfg = Debug|Any CPU
		{A76242F6-AFB4-4D8F-9148-9ECD8CF9E9AE}.Debug|x86.Build.0 = Debug|Any CPU
		{A76242F6-AFB4-4D8F-9148-9ECD8CF9E9AE}.Release|Any CPU.ActiveCfg = Release|Any CPU
		{A76242F6-AFB4-4D8F-9148-9ECD8CF9E9AE}.Release|Any CPU.Build.0 = Release|Any CPU
		{A76242F6-AFB4-4D8F-9148-9ECD8CF9E9AE}.Release|x86.ActiveCfg = Release|Any CPU
		{A76242F6-AFB4-4D8F-9148-9ECD8CF9E9AE}.Release|x86.Build.0 = Release|Any CPU
		{2B072184-4C58-4070-B6DE-9CEAFF413C38}.Debug|Any CPU.ActiveCfg = Debug|Any CPU
		{2B072184-4C58-4070-B6DE-9CEAFF413C38}.Debug|Any CPU.Build.0 = Debug|Any CPU
		{2B072184-4C58-4070-B6DE-9CEAFF413C38}.Debug|x86.ActiveCfg = Debug|Any CPU
		{2B072184-4C58-4070-B6DE-9CEAFF413C38}.Debug|x86.Build.0 = Debug|Any CPU
		{2B072184-4C58-4070-B6DE-9CEAFF413C38}.Release|Any CPU.ActiveCfg = Release|Any CPU
		{2B072184-4C58-4070-B6DE-9CEAFF413C38}.Release|Any CPU.Build.0 = Release|Any CPU
		{2B072184-4C58-4070-B6DE-9CEAFF413C38}.Release|x86.ActiveCfg = Release|Any CPU
		{2B072184-4C58-4070-B6DE-9CEAFF413C38}.Release|x86.Build.0 = Release|Any CPU
		{AADE4345-20CB-4E23-888C-CDA32BA22160}.Debug|Any CPU.ActiveCfg = Debug|Any CPU
		{AADE4345-20CB-4E23-888C-CDA32BA22160}.Debug|Any CPU.Build.0 = Debug|Any CPU
		{AADE4345-20CB-4E23-888C-CDA32BA22160}.Debug|x86.ActiveCfg = Debug|Any CPU
		{AADE4345-20CB-4E23-888C-CDA32BA22160}.Debug|x86.Build.0 = Debug|Any CPU
		{AADE4345-20CB-4E23-888C-CDA32BA22160}.Release|Any CPU.ActiveCfg = Release|Any CPU
		{AADE4345-20CB-4E23-888C-CDA32BA22160}.Release|Any CPU.Build.0 = Release|Any CPU
		{AADE4345-20CB-4E23-888C-CDA32BA22160}.Release|x86.ActiveCfg = Release|Any CPU
		{AADE4345-20CB-4E23-888C-CDA32BA22160}.Release|x86.Build.0 = Release|Any CPU
		{7532A7C5-11C6-4531-B323-61735B0EE433}.Debug|Any CPU.ActiveCfg = Debug|Any CPU
		{7532A7C5-11C6-4531-B323-61735B0EE433}.Debug|Any CPU.Build.0 = Debug|Any CPU
		{7532A7C5-11C6-4531-B323-61735B0EE433}.Debug|x86.ActiveCfg = Debug|Any CPU
		{7532A7C5-11C6-4531-B323-61735B0EE433}.Debug|x86.Build.0 = Debug|Any CPU
		{7532A7C5-11C6-4531-B323-61735B0EE433}.Release|Any CPU.ActiveCfg = Release|Any CPU
		{7532A7C5-11C6-4531-B323-61735B0EE433}.Release|Any CPU.Build.0 = Release|Any CPU
		{7532A7C5-11C6-4531-B323-61735B0EE433}.Release|x86.ActiveCfg = Release|Any CPU
		{7532A7C5-11C6-4531-B323-61735B0EE433}.Release|x86.Build.0 = Release|Any CPU
		{7D4E92EA-5BE0-4E2D-BEC1-2BD7C427613D}.Debug|Any CPU.ActiveCfg = Debug|Any CPU
		{7D4E92EA-5BE0-4E2D-BEC1-2BD7C427613D}.Debug|Any CPU.Build.0 = Debug|Any CPU
		{7D4E92EA-5BE0-4E2D-BEC1-2BD7C427613D}.Debug|x86.ActiveCfg = Debug|Any CPU
		{7D4E92EA-5BE0-4E2D-BEC1-2BD7C427613D}.Debug|x86.Build.0 = Debug|Any CPU
		{7D4E92EA-5BE0-4E2D-BEC1-2BD7C427613D}.Release|Any CPU.ActiveCfg = Release|Any CPU
		{7D4E92EA-5BE0-4E2D-BEC1-2BD7C427613D}.Release|Any CPU.Build.0 = Release|Any CPU
		{7D4E92EA-5BE0-4E2D-BEC1-2BD7C427613D}.Release|x86.ActiveCfg = Release|Any CPU
		{7D4E92EA-5BE0-4E2D-BEC1-2BD7C427613D}.Release|x86.Build.0 = Release|Any CPU
		{4ED585FD-7B6F-442B-96C2-34810228A714}.Debug|Any CPU.ActiveCfg = Debug|Any CPU
		{4ED585FD-7B6F-442B-96C2-34810228A714}.Debug|Any CPU.Build.0 = Debug|Any CPU
		{4ED585FD-7B6F-442B-96C2-34810228A714}.Debug|x86.ActiveCfg = Debug|Any CPU
		{4ED585FD-7B6F-442B-96C2-34810228A714}.Debug|x86.Build.0 = Debug|Any CPU
		{4ED585FD-7B6F-442B-96C2-34810228A714}.Release|Any CPU.ActiveCfg = Release|Any CPU
		{4ED585FD-7B6F-442B-96C2-34810228A714}.Release|Any CPU.Build.0 = Release|Any CPU
		{4ED585FD-7B6F-442B-96C2-34810228A714}.Release|x86.ActiveCfg = Release|Any CPU
		{4ED585FD-7B6F-442B-96C2-34810228A714}.Release|x86.Build.0 = Release|Any CPU
		{880F4B6A-C7CE-47D2-A4D5-28D1B2361FB7}.Debug|Any CPU.ActiveCfg = Debug|Any CPU
		{880F4B6A-C7CE-47D2-A4D5-28D1B2361FB7}.Debug|Any CPU.Build.0 = Debug|Any CPU
		{880F4B6A-C7CE-47D2-A4D5-28D1B2361FB7}.Debug|x86.ActiveCfg = Debug|Any CPU
		{880F4B6A-C7CE-47D2-A4D5-28D1B2361FB7}.Debug|x86.Build.0 = Debug|Any CPU
		{880F4B6A-C7CE-47D2-A4D5-28D1B2361FB7}.Release|Any CPU.ActiveCfg = Release|Any CPU
		{880F4B6A-C7CE-47D2-A4D5-28D1B2361FB7}.Release|Any CPU.Build.0 = Release|Any CPU
		{880F4B6A-C7CE-47D2-A4D5-28D1B2361FB7}.Release|x86.ActiveCfg = Release|Any CPU
		{880F4B6A-C7CE-47D2-A4D5-28D1B2361FB7}.Release|x86.Build.0 = Release|Any CPU
		{53878CA0-BB30-4085-8FEF-3BEC9B6385E6}.Debug|Any CPU.ActiveCfg = Debug|Any CPU
		{53878CA0-BB30-4085-8FEF-3BEC9B6385E6}.Debug|Any CPU.Build.0 = Debug|Any CPU
		{53878CA0-BB30-4085-8FEF-3BEC9B6385E6}.Debug|x86.ActiveCfg = Debug|Any CPU
		{53878CA0-BB30-4085-8FEF-3BEC9B6385E6}.Debug|x86.Build.0 = Debug|Any CPU
		{53878CA0-BB30-4085-8FEF-3BEC9B6385E6}.Release|Any CPU.ActiveCfg = Release|Any CPU
		{53878CA0-BB30-4085-8FEF-3BEC9B6385E6}.Release|Any CPU.Build.0 = Release|Any CPU
		{53878CA0-BB30-4085-8FEF-3BEC9B6385E6}.Release|x86.ActiveCfg = Release|Any CPU
		{53878CA0-BB30-4085-8FEF-3BEC9B6385E6}.Release|x86.Build.0 = Release|Any CPU
	EndGlobalSection
	GlobalSection(SolutionProperties) = preSolution
		HideSolutionNode = FALSE
	EndGlobalSection
	GlobalSection(NestedProjects) = preSolution
		{CD707C32-A8DC-418F-A233-B0B98C5B8D66} = {F7870766-D512-474E-B5BD-D5A3BD62E1B4}
		{C5930A6A-163D-4F9A-B961-96A43F7C9131} = {9EEF17D4-BAD0-4DC7-BA4C-30EC49C65B7E}
		{F191B212-609E-4E27-81BF-FDDC134036D5} = {9EEF17D4-BAD0-4DC7-BA4C-30EC49C65B7E}
		{030A324D-E37E-41A7-A369-CCA6872D87D4} = {9EEF17D4-BAD0-4DC7-BA4C-30EC49C65B7E}
		{8C21324F-C1C4-41F7-8E1C-5CBFEA9E6089} = {9EEF17D4-BAD0-4DC7-BA4C-30EC49C65B7E}
		{08EB4C00-D379-4AC0-A875-B7E346DB8DE6} = {1745B582-4F3C-4A02-8748-297645DB9026}
		{D5A2884B-1B65-48B4-B9B2-90A7C4FE0AC5} = {1745B582-4F3C-4A02-8748-297645DB9026}
		{CC228798-5C1E-4324-8F1F-70CEA8CB852F} = {1745B582-4F3C-4A02-8748-297645DB9026}
		{B88D81CD-A1A5-4021-AEED-2196E1682A39} = {4B71130A-9051-4D9B-9B3F-16AB87E4EFB0}
		{A76242F6-AFB4-4D8F-9148-9ECD8CF9E9AE} = {4B71130A-9051-4D9B-9B3F-16AB87E4EFB0}
		{2B072184-4C58-4070-B6DE-9CEAFF413C38} = {EB143D75-A5CF-441B-BE91-B9D8CEEFAC3D}
		{AADE4345-20CB-4E23-888C-CDA32BA22160} = {EB143D75-A5CF-441B-BE91-B9D8CEEFAC3D}
		{7532A7C5-11C6-4531-B323-61735B0EE433} = {382D6A8B-EA14-41E2-BE84-97E9791F4994}
		{7D4E92EA-5BE0-4E2D-BEC1-2BD7C427613D} = {EB143D75-A5CF-441B-BE91-B9D8CEEFAC3D}
		{4ED585FD-7B6F-442B-96C2-34810228A714} = {EB143D75-A5CF-441B-BE91-B9D8CEEFAC3D}
		{880F4B6A-C7CE-47D2-A4D5-28D1B2361FB7} = {EB143D75-A5CF-441B-BE91-B9D8CEEFAC3D}
		{53878CA0-BB30-4085-8FEF-3BEC9B6385E6} = {27A9C0D8-9793-4C8B-BBB4-A25764A9DDA6}
	EndGlobalSection
	GlobalSection(ExtensibilityGlobals) = postSolution
		SolutionGuid = {573FB8B7-902B-4793-9F67-05D4BAE7C457}
	EndGlobalSection
EndGlobal
